
Microsoft Visual Studio Solution File, Format Version 12.00
# Visual Studio Version 16
VisualStudioVersion = 16.0.29911.84
MinimumVisualStudioVersion = 10.0.40219.1
Project("{FAE04EC0-301F-11D3-BF4B-00C04F79EFBC}") = "DemoWebsite", "DemoWebsite\DemoWebsite.csproj", "{14BD8443-6893-4873-9EBE-C9AE5C5E4441}"
EndProject
Global
	GlobalSection(SolutionConfigurationPlatforms) = preSolution
		Debug|Any CPU = Debug|Any CPU
		Release|Any CPU = Release|Any CPU
	EndGlobalSection
	GlobalSection(ProjectConfigurationPlatforms) = postSolution
		{14BD8443-6893-4873-9EBE-C9AE5C5E4441}.Debug|Any CPU.ActiveCfg = Debug|Any CPU
		{14BD8443-6893-4873-9EBE-C9AE5C5E4441}.Debug|Any CPU.Build.0 = Debug|Any CPU
		{14BD8443-6893-4873-9EBE-C9AE5C5E4441}.Release|Any CPU.ActiveCfg = Release|Any CPU
		{14BD8443-6893-4873-9EBE-C9AE5C5E4441}.Release|Any CPU.Build.0 = Release|Any CPU
	EndGlobalSection
	GlobalSection(SolutionProperties) = preSolution
		HideSolutionNode = FALSE
	EndGlobalSection
	GlobalSection(ExtensibilityGlobals) = postSolution
		SolutionGuid = {2489CF09-217F-4458-A123-2D09FA28A9C3}
	EndGlobalSection
EndGlobal
